
Microsoft Visual Studio Solution File, Format Version 12.00
# Visual Studio 15
VisualStudioVersion = 15.0.28307.705
MinimumVisualStudioVersion = 10.0.40219.1
Project("{FAE04EC0-301F-11D3-BF4B-00C04F79EFBC}") = "StackLayout.Android", "StackLayout\StackLayout.Android\StackLayout.Android.csproj", "{E62C4552-556B-4883-81F0-8F4DDF1D5E7A}"
EndProject
Project("{FAE04EC0-301F-11D3-BF4B-00C04F79EFBC}") = "StackLayout.iOS", "StackLayout\StackLayout.iOS\StackLayout.iOS.csproj", "{27BCBB18-4643-410F-AF24-11B8370141B9}"
EndProject
Project("{FAE04EC0-301F-11D3-BF4B-00C04F79EFBC}") = "StackLayout", "StackLayout\StackLayout\StackLayout.csproj", "{7ECC87BF-5ACB-4D84-BDD4-A45A730BD524}"
EndProject
Global
	GlobalSection(SolutionConfigurationPlatforms) = preSolution
		Ad-Hoc|Any CPU = Ad-Hoc|Any CPU
		Ad-Hoc|iPhone = Ad-Hoc|iPhone
		Ad-Hoc|iPhoneSimulator = Ad-Hoc|iPhoneSimulator
		AppStore|Any CPU = AppStore|Any CPU
		AppStore|iPhone = AppStore|iPhone
		AppStore|iPhoneSimulator = AppStore|iPhoneSimulator
		Debug|Any CPU = Debug|Any CPU
		Debug|iPhone = Debug|iPhone
		Debug|iPhoneSimulator = Debug|iPhoneSimulator
		Release|Any CPU = Release|Any CPU
		Release|iPhone = Release|iPhone
		Release|iPhoneSimulator = Release|iPhoneSimulator
	EndGlobalSection
	GlobalSection(ProjectConfigurationPlatforms) = postSolution
		{E62C4552-556B-4883-81F0-8F4DDF1D5E7A}.Ad-Hoc|Any CPU.ActiveCfg = Release|Any CPU
		{E62C4552-556B-4883-81F0-8F4DDF1D5E7A}.Ad-Hoc|Any CPU.Build.0 = Release|Any CPU
		{E62C4552-556B-4883-81F0-8F4DDF1D5E7A}.Ad-Hoc|Any CPU.Deploy.0 = Release|Any CPU
		{E62C4552-556B-4883-81F0-8F4DDF1D5E7A}.Ad-Hoc|iPhone.ActiveCfg = Release|Any CPU
		{E62C4552-556B-4883-81F0-8F4DDF1D5E7A}.Ad-Hoc|iPhone.Build.0 = Release|Any CPU
		{E62C4552-556B-4883-81F0-8F4DDF1D5E7A}.Ad-Hoc|iPhone.Deploy.0 = Release|Any CPU
		{E62C4552-556B-4883-81F0-8F4DDF1D5E7A}.Ad-Hoc|iPhoneSimulator.ActiveCfg = Release|Any CPU
		{E62C4552-556B-4883-81F0-8F4DDF1D5E7A}.Ad-Hoc|iPhoneSimulator.Build.0 = Release|Any CPU
		{E62C4552-556B-4883-81F0-8F4DDF1D5E7A}.Ad-Hoc|iPhoneSimulator.Deploy.0 = Release|Any CPU
		{E62C4552-556B-4883-81F0-8F4DDF1D5E7A}.AppStore|Any CPU.ActiveCfg = Release|Any CPU
		{E62C4552-556B-4883-81F0-8F4DDF1D5E7A}.AppStore|Any CPU.Build.0 = Release|Any CPU
		{E62C4552-556B-4883-81F0-8F4DDF1D5E7A}.AppStore|Any CPU.Deploy.0 = Release|Any CPU
		{E62C4552-556B-4883-81F0-8F4DDF1D5E7A}.AppStore|iPhone.ActiveCfg = Release|Any CPU
		{E62C4552-556B-4883-81F0-8F4DDF1D5E7A}.AppStore|iPhone.Build.0 = Release|Any CPU
		{E62C4552-556B-4883-81F0-8F4DDF1D5E7A}.AppStore|iPhone.Deploy.0 = Release|Any CPU
		{E62C4552-556B-4883-81F0-8F4DDF1D5E7A}.AppStore|iPhoneSimulator.ActiveCfg = Release|Any CPU
		{E62C4552-556B-4883-81F0-8F4DDF1D5E7A}.AppStore|iPhoneSimulator.Build.0 = Release|Any CPU
		{E62C4552-556B-4883-81F0-8F4DDF1D5E7A}.AppStore|iPhoneSimulator.Deploy.0 = Release|Any CPU
		{E62C4552-556B-4883-81F0-8F4DDF1D5E7A}.Debug|Any CPU.ActiveCfg = Debug|Any CPU
		{E62C4552-556B-4883-81F0-8F4DDF1D5E7A}.Debug|Any CPU.Build.0 = Debug|Any CPU
		{E62C4552-556B-4883-81F0-8F4DDF1D5E7A}.Debug|Any CPU.Deploy.0 = Debug|Any CPU
		{E62C4552-556B-4883-81F0-8F4DDF1D5E7A}.Debug|iPhone.ActiveCfg = Debug|Any CPU
		{E62C4552-556B-4883-81F0-8F4DDF1D5E7A}.Debug|iPhone.Build.0 = Debug|Any CPU
		{E62C4552-556B-4883-81F0-8F4DDF1D5E7A}.Debug|iPhone.Deploy.0 = Debug|Any CPU
		{E62C4552-556B-4883-81F0-8F4DDF1D5E7A}.Debug|iPhoneSimulator.ActiveCfg = Debug|Any CPU
		{E62C4552-556B-4883-81F0-8F4DDF1D5E7A}.Debug|iPhoneSimulator.Build.0 = Debug|Any CPU
		{E62C4552-556B-4883-81F0-8F4DDF1D5E7A}.Debug|iPhoneSimulator.Deploy.0 = Debug|Any CPU
		{E62C4552-556B-4883-81F0-8F4DDF1D5E7A}.Release|Any CPU.ActiveCfg = Release|Any CPU
		{E62C4552-556B-4883-81F0-8F4DDF1D5E7A}.Release|Any CPU.Build.0 = Release|Any CPU
		{E62C4552-556B-4883-81F0-8F4DDF1D5E7A}.Release|Any CPU.Deploy.0 = Release|Any CPU
		{E62C4552-556B-4883-81F0-8F4DDF1D5E7A}.Release|iPhone.ActiveCfg = Release|Any CPU
		{E62C4552-556B-4883-81F0-8F4DDF1D5E7A}.Release|iPhone.Build.0 = Release|Any CPU
		{E62C4552-556B-4883-81F0-8F4DDF1D5E7A}.Release|iPhone.Deploy.0 = Release|Any CPU
		{E62C4552-556B-4883-81F0-8F4DDF1D5E7A}.Release|iPhoneSimulator.ActiveCfg = Release|Any CPU
		{E62C4552-556B-4883-81F0-8F4DDF1D5E7A}.Release|iPhoneSimulator.Build.0 = Release|Any CPU
		{E62C4552-556B-4883-81F0-8F4DDF1D5E7A}.Release|iPhoneSimulator.Deploy.0 = Release|Any CPU
		{27BCBB18-4643-410F-AF24-11B8370141B9}.Ad-Hoc|Any CPU.ActiveCfg = Ad-Hoc|iPhone
		{27BCBB18-4643-410F-AF24-11B8370141B9}.Ad-Hoc|Any CPU.Build.0 = Ad-Hoc|iPhone
		{27BCBB18-4643-410F-AF24-11B8370141B9}.Ad-Hoc|Any CPU.Deploy.0 = Ad-Hoc|iPhone
		{27BCBB18-4643-410F-AF24-11B8370141B9}.Ad-Hoc|iPhone.ActiveCfg = Ad-Hoc|iPhone
		{27BCBB18-4643-410F-AF24-11B8370141B9}.Ad-Hoc|iPhone.Build.0 = Ad-Hoc|iPhone
		{27BCBB18-4643-410F-AF24-11B8370141B9}.Ad-Hoc|iPhone.Deploy.0 = Ad-Hoc|iPhone
		{27BCBB18-4643-410F-AF24-11B8370141B9}.Ad-Hoc|iPhoneSimulator.ActiveCfg = Ad-Hoc|iPhoneSimulator
		{27BCBB18-4643-410F-AF24-11B8370141B9}.Ad-Hoc|iPhoneSimulator.Build.0 = Ad-Hoc|iPhoneSimulator
		{27BCBB18-4643-410F-AF24-11B8370141B9}.Ad-Hoc|iPhoneSimulator.Deploy.0 = Ad-Hoc|iPhoneSimulator
		{27BCBB18-4643-410F-AF24-11B8370141B9}.AppStore|Any CPU.ActiveCfg = AppStore|iPhone
		{27BCBB18-4643-410F-AF24-11B8370141B9}.AppStore|Any CPU.Build.0 = AppStore|iPhone
		{27BCBB18-4643-410F-AF24-11B8370141B9}.AppStore|Any CPU.Deploy.0 = AppStore|iPhone
		{27BCBB18-4643-410F-AF24-11B8370141B9}.AppStore|iPhone.ActiveCfg = AppStore|iPhone
		{27BCBB18-4643-410F-AF24-11B8370141B9}.AppStore|iPhone.Build.0 = AppStore|iPhone
		{27BCBB18-4643-410F-AF24-11B8370141B9}.AppStore|iPhone.Deploy.0 = AppStore|iPhone
		{27BCBB18-4643-410F-AF24-11B8370141B9}.AppStore|iPhoneSimulator.ActiveCfg = AppStore|iPhoneSimulator
		{27BCBB18-4643-410F-AF24-11B8370141B9}.AppStore|iPhoneSimulator.Build.0 = AppStore|iPhoneSimulator
		{27BCBB18-4643-410F-AF24-11B8370141B9}.AppStore|iPhoneSimulator.Deploy.0 = AppStore|iPhoneSimulator
		{27BCBB18-4643-410F-AF24-11B8370141B9}.Debug|Any CPU.ActiveCfg = Debug|iPhoneSimulator
		{27BCBB18-4643-410F-AF24-11B8370141B9}.Debug|Any CPU.Build.0 = Debug|iPhoneSimulator
		{27BCBB18-4643-410F-AF24-11B8370141B9}.Debug|Any CPU.Deploy.0 = Debug|iPhoneSimulator
		{27BCBB18-4643-410F-AF24-11B8370141B9}.Debug|iPhone.ActiveCfg = Debug|iPhone
		{27BCBB18-4643-410F-AF24-11B8370141B9}.Debug|iPhone.Build.0 = Debug|iPhone
		{27BCBB18-4643-410F-AF24-11B8370141B9}.Debug|iPhone.Deploy.0 = Debug|iPhone
		{27BCBB18-4643-410F-AF24-11B8370141B9}.Debug|iPhoneSimulator.ActiveCfg = Debug|iPhoneSimulator
		{27BCBB18-4643-410F-AF24-11B8370141B9}.Debug|iPhoneSimulator.Build.0 = Debug|iPhoneSimulator
		{27BCBB18-4643-410F-AF24-11B8370141B9}.Debug|iPhoneSimulator.Deploy.0 = Debug|iPhoneSimulator
		{27BCBB18-4643-410F-AF24-11B8370141B9}.Release|Any CPU.ActiveCfg = Release|iPhone
		{27BCBB18-4643-410F-AF24-11B8370141B9}.Release|Any CPU.Build.0 = Release|iPhone
		{27BCBB18-4643-410F-AF24-11B8370141B9}.Release|Any CPU.Deploy.0 = Release|iPhone
		{27BCBB18-4643-410F-AF24-11B8370141B9}.Release|iPhone.ActiveCfg = Release|iPhone
		{27BCBB18-4643-410F-AF24-11B8370141B9}.Release|iPhone.Build.0 = Release|iPhone
		{27BCBB18-4643-410F-AF24-11B8370141B9}.Release|iPhone.Deploy.0 = Release|iPhone
		{27BCBB18-4643-410F-AF24-11B8370141B9}.Release|iPhoneSimulator.ActiveCfg = Release|iPhoneSimulator
		{27BCBB18-4643-410F-AF24-11B8370141B9}.Release|iPhoneSimulator.Build.0 = Release|iPhoneSimulator
		{27BCBB18-4643-410F-AF24-11B8370141B9}.Release|iPhoneSimulator.Deploy.0 = Release|iPhoneSimulator
		{7ECC87BF-5ACB-4D84-BDD4-A45A730BD524}.Ad-Hoc|Any CPU.ActiveCfg = Debug|Any CPU
		{7ECC87BF-5ACB-4D84-BDD4-A45A730BD524}.Ad-Hoc|Any CPU.Build.0 = Debug|Any CPU
		{7ECC87BF-5ACB-4D84-BDD4-A45A730BD524}.Ad-Hoc|Any CPU.Deploy.0 = Debug|Any CPU
		{7ECC87BF-5ACB-4D84-BDD4-A45A730BD524}.Ad-Hoc|iPhone.ActiveCfg = Debug|Any CPU
		{7ECC87BF-5ACB-4D84-BDD4-A45A730BD524}.Ad-Hoc|iPhone.Build.0 = Debug|Any CPU
		{7ECC87BF-5ACB-4D84-BDD4-A45A730BD524}.Ad-Hoc|iPhone.Deploy.0 = Debug|Any CPU
		{7ECC87BF-5ACB-4D84-BDD4-A45A730BD524}.Ad-Hoc|iPhoneSimulator.ActiveCfg = Debug|Any CPU
		{7ECC87BF-5ACB-4D84-BDD4-A45A730BD524}.Ad-Hoc|iPhoneSimulator.Build.0 = Debug|Any CPU
		{7ECC87BF-5ACB-4D84-BDD4-A45A730BD524}.Ad-Hoc|iPhoneSimulator.Deploy.0 = Debug|Any CPU
		{7ECC87BF-5ACB-4D84-BDD4-A45A730BD524}.AppStore|Any CPU.ActiveCfg = Debug|Any CPU
		{7ECC87BF-5ACB-4D84-BDD4-A45A730BD524}.AppStore|Any CPU.Build.0 = Debug|Any CPU
		{7ECC87BF-5ACB-4D84-BDD4-A45A730BD524}.AppStore|Any CPU.Deploy.0 = Debug|Any CPU
		{7ECC87BF-5ACB-4D84-BDD4-A45A730BD524}.AppStore|iPhone.ActiveCfg = Debug|Any CPU
		{7ECC87BF-5ACB-4D84-BDD4-A45A730BD524}.AppStore|iPhone.Build.0 = Debug|Any CPU
		{7ECC87BF-5ACB-4D84-BDD4-A45A730BD524}.AppStore|iPhone.Deploy.0 = Debug|Any CPU
		{7ECC87BF-5ACB-4D84-BDD4-A45A730BD524}.AppStore|iPhoneSimulator.ActiveCfg = Debug|Any CPU
		{7ECC87BF-5ACB-4D84-BDD4-A45A730BD524}.AppStore|iPhoneSimulator.Build.0 = Debug|Any CPU
		{7ECC87BF-5ACB-4D84-BDD4-A45A730BD524}.AppStore|iPhoneSimulator.Deploy.0 = Debug|Any CPU
		{7ECC87BF-5ACB-4D84-BDD4-A45A730BD524}.Debug|Any CPU.ActiveCfg = Debug|Any CPU
		{7ECC87BF-5ACB-4D84-BDD4-A45A730BD524}.Debug|Any CPU.Build.0 = Debug|Any CPU
		{7ECC87BF-5ACB-4D84-BDD4-A45A730BD524}.Debug|Any CPU.Deploy.0 = Debug|Any CPU
		{7ECC87BF-5ACB-4D84-BDD4-A45A730BD524}.Debug|iPhone.ActiveCfg = Debug|Any CPU
		{7ECC87BF-5ACB-4D84-BDD4-A45A730BD524}.Debug|iPhone.Build.0 = Debug|Any CPU
		{7ECC87BF-5ACB-4D84-BDD4-A45A730BD524}.Debug|iPhone.Deploy.0 = Debug|Any CPU
		{7ECC87BF-5ACB-4D84-BDD4-A45A730BD524}.Debug|iPhoneSimulator.ActiveCfg = Debug|Any CPU
		{7ECC87BF-5ACB-4D84-BDD4-A45A730BD524}.Debug|iPhoneSimulator.Build.0 = Debug|Any CPU
		{7ECC87BF-5ACB-4D84-BDD4-A45A730BD524}.Debug|iPhoneSimulator.Deploy.0 = Debug|Any CPU
		{7ECC87BF-5ACB-4D84-BDD4-A45A730BD524}.Release|Any CPU.ActiveCfg = Release|Any CPU
		{7ECC87BF-5ACB-4D84-BDD4-A45A730BD524}.Release|Any CPU.Build.0 = Release|Any CPU
		{7ECC87BF-5ACB-4D84-BDD4-A45A730BD524}.Release|Any CPU.Deploy.0 = Release|Any CPU
		{7ECC87BF-5ACB-4D84-BDD4-A45A730BD524}.Release|iPhone.ActiveCfg = Release|Any CPU
		{7ECC87BF-5ACB-4D84-BDD4-A45A730BD524}.Release|iPhone.Build.0 = Release|Any CPU
		{7ECC87BF-5ACB-4D84-BDD4-A45A730BD524}.Release|iPhone.Deploy.0 = Release|Any CPU
		{7ECC87BF-5ACB-4D84-BDD4-A45A730BD524}.Release|iPhoneSimulator.ActiveCfg = Release|Any CPU
		{7ECC87BF-5ACB-4D84-BDD4-A45A730BD524}.Release|iPhoneSimulator.Build.0 = Release|Any CPU
		{7ECC87BF-5ACB-4D84-BDD4-A45A730BD524}.Release|iPhoneSimulator.Deploy.0 = Release|Any CPU
	EndGlobalSection
	GlobalSection(SolutionProperties) = preSolution
		HideSolutionNode = FALSE
	EndGlobalSection
	GlobalSection(ExtensibilityGlobals) = postSolution
		SolutionGuid = {E194DE17-191E-4FE7-8962-E91DC83E7FE3}
	EndGlobalSection
EndGlobal
