
Microsoft Visual Studio Solution File, Format Version 12.00
# Visual Studio 15
VisualStudioVersion = 15.0.28307.779
MinimumVisualStudioVersion = 10.0.40219.1
Project("{FAE04EC0-301F-11D3-BF4B-00C04F79EFBC}") = "App1.Android", "App1\App1.Android\App1.Android.csproj", "{7DE221A7-A45C-40CA-9ADD-DCF10799D883}"
EndProject
Project("{FAE04EC0-301F-11D3-BF4B-00C04F79EFBC}") = "App1.iOS", "App1\App1.iOS\App1.iOS.csproj", "{D8703454-2DA5-4517-B085-E36F7B2B9491}"
EndProject
Project("{FAE04EC0-301F-11D3-BF4B-00C04F79EFBC}") = "App1.UWP", "App1\App1.UWP\App1.UWP.csproj", "{5CAE5BA5-110E-45B2-806B-504650DA694E}"
EndProject
Project("{FAE04EC0-301F-11D3-BF4B-00C04F79EFBC}") = "App1", "App1\App1\App1.csproj", "{951F1D7C-2C60-4DED-8482-C48C9CB3B886}"
EndProject
Global
	GlobalSection(SolutionConfigurationPlatforms) = preSolution
		Ad-Hoc|Any CPU = Ad-Hoc|Any CPU
		Ad-Hoc|ARM = Ad-Hoc|ARM
		Ad-Hoc|iPhone = Ad-Hoc|iPhone
		Ad-Hoc|iPhoneSimulator = Ad-Hoc|iPhoneSimulator
		Ad-Hoc|x64 = Ad-Hoc|x64
		Ad-Hoc|x86 = Ad-Hoc|x86
		AppStore|Any CPU = AppStore|Any CPU
		AppStore|ARM = AppStore|ARM
		AppStore|iPhone = AppStore|iPhone
		AppStore|iPhoneSimulator = AppStore|iPhoneSimulator
		AppStore|x64 = AppStore|x64
		AppStore|x86 = AppStore|x86
		Debug|Any CPU = Debug|Any CPU
		Debug|ARM = Debug|ARM
		Debug|iPhone = Debug|iPhone
		Debug|iPhoneSimulator = Debug|iPhoneSimulator
		Debug|x64 = Debug|x64
		Debug|x86 = Debug|x86
		Release|Any CPU = Release|Any CPU
		Release|ARM = Release|ARM
		Release|iPhone = Release|iPhone
		Release|iPhoneSimulator = Release|iPhoneSimulator
		Release|x64 = Release|x64
		Release|x86 = Release|x86
	EndGlobalSection
	GlobalSection(ProjectConfigurationPlatforms) = postSolution
		{7DE221A7-A45C-40CA-9ADD-DCF10799D883}.Ad-Hoc|Any CPU.ActiveCfg = Release|Any CPU
		{7DE221A7-A45C-40CA-9ADD-DCF10799D883}.Ad-Hoc|Any CPU.Build.0 = Release|Any CPU
		{7DE221A7-A45C-40CA-9ADD-DCF10799D883}.Ad-Hoc|Any CPU.Deploy.0 = Release|Any CPU
		{7DE221A7-A45C-40CA-9ADD-DCF10799D883}.Ad-Hoc|ARM.ActiveCfg = Release|Any CPU
		{7DE221A7-A45C-40CA-9ADD-DCF10799D883}.Ad-Hoc|ARM.Build.0 = Release|Any CPU
		{7DE221A7-A45C-40CA-9ADD-DCF10799D883}.Ad-Hoc|ARM.Deploy.0 = Release|Any CPU
		{7DE221A7-A45C-40CA-9ADD-DCF10799D883}.Ad-Hoc|iPhone.ActiveCfg = Release|Any CPU
		{7DE221A7-A45C-40CA-9ADD-DCF10799D883}.Ad-Hoc|iPhone.Build.0 = Release|Any CPU
		{7DE221A7-A45C-40CA-9ADD-DCF10799D883}.Ad-Hoc|iPhone.Deploy.0 = Release|Any CPU
		{7DE221A7-A45C-40CA-9ADD-DCF10799D883}.Ad-Hoc|iPhoneSimulator.ActiveCfg = Release|Any CPU
		{7DE221A7-A45C-40CA-9ADD-DCF10799D883}.Ad-Hoc|iPhoneSimulator.Build.0 = Release|Any CPU
		{7DE221A7-A45C-40CA-9ADD-DCF10799D883}.Ad-Hoc|iPhoneSimulator.Deploy.0 = Release|Any CPU
		{7DE221A7-A45C-40CA-9ADD-DCF10799D883}.Ad-Hoc|x64.ActiveCfg = Release|Any CPU
		{7DE221A7-A45C-40CA-9ADD-DCF10799D883}.Ad-Hoc|x64.Build.0 = Release|Any CPU
		{7DE221A7-A45C-40CA-9ADD-DCF10799D883}.Ad-Hoc|x64.Deploy.0 = Release|Any CPU
		{7DE221A7-A45C-40CA-9ADD-DCF10799D883}.Ad-Hoc|x86.ActiveCfg = Release|Any CPU
		{7DE221A7-A45C-40CA-9ADD-DCF10799D883}.Ad-Hoc|x86.Build.0 = Release|Any CPU
		{7DE221A7-A45C-40CA-9ADD-DCF10799D883}.Ad-Hoc|x86.Deploy.0 = Release|Any CPU
		{7DE221A7-A45C-40CA-9ADD-DCF10799D883}.AppStore|Any CPU.ActiveCfg = Release|Any CPU
		{7DE221A7-A45C-40CA-9ADD-DCF10799D883}.AppStore|Any CPU.Build.0 = Release|Any CPU
		{7DE221A7-A45C-40CA-9ADD-DCF10799D883}.AppStore|Any CPU.Deploy.0 = Release|Any CPU
		{7DE221A7-A45C-40CA-9ADD-DCF10799D883}.AppStore|ARM.ActiveCfg = Release|Any CPU
		{7DE221A7-A45C-40CA-9ADD-DCF10799D883}.AppStore|ARM.Build.0 = Release|Any CPU
		{7DE221A7-A45C-40CA-9ADD-DCF10799D883}.AppStore|ARM.Deploy.0 = Release|Any CPU
		{7DE221A7-A45C-40CA-9ADD-DCF10799D883}.AppStore|iPhone.ActiveCfg = Release|Any CPU
		{7DE221A7-A45C-40CA-9ADD-DCF10799D883}.AppStore|iPhone.Build.0 = Release|Any CPU
		{7DE221A7-A45C-40CA-9ADD-DCF10799D883}.AppStore|iPhone.Deploy.0 = Release|Any CPU
		{7DE221A7-A45C-40CA-9ADD-DCF10799D883}.AppStore|iPhoneSimulator.ActiveCfg = Release|Any CPU
		{7DE221A7-A45C-40CA-9ADD-DCF10799D883}.AppStore|iPhoneSimulator.Build.0 = Release|Any CPU
		{7DE221A7-A45C-40CA-9ADD-DCF10799D883}.AppStore|iPhoneSimulator.Deploy.0 = Release|Any CPU
		{7DE221A7-A45C-40CA-9ADD-DCF10799D883}.AppStore|x64.ActiveCfg = Release|Any CPU
		{7DE221A7-A45C-40CA-9ADD-DCF10799D883}.AppStore|x64.Build.0 = Release|Any CPU
		{7DE221A7-A45C-40CA-9ADD-DCF10799D883}.AppStore|x64.Deploy.0 = Release|Any CPU
		{7DE221A7-A45C-40CA-9ADD-DCF10799D883}.AppStore|x86.ActiveCfg = Release|Any CPU
		{7DE221A7-A45C-40CA-9ADD-DCF10799D883}.AppStore|x86.Build.0 = Release|Any CPU
		{7DE221A7-A45C-40CA-9ADD-DCF10799D883}.AppStore|x86.Deploy.0 = Release|Any CPU
		{7DE221A7-A45C-40CA-9ADD-DCF10799D883}.Debug|Any CPU.ActiveCfg = Debug|Any CPU
		{7DE221A7-A45C-40CA-9ADD-DCF10799D883}.Debug|Any CPU.Build.0 = Debug|Any CPU
		{7DE221A7-A45C-40CA-9ADD-DCF10799D883}.Debug|Any CPU.Deploy.0 = Debug|Any CPU
		{7DE221A7-A45C-40CA-9ADD-DCF10799D883}.Debug|ARM.ActiveCfg = Debug|Any CPU
		{7DE221A7-A45C-40CA-9ADD-DCF10799D883}.Debug|ARM.Build.0 = Debug|Any CPU
		{7DE221A7-A45C-40CA-9ADD-DCF10799D883}.Debug|ARM.Deploy.0 = Debug|Any CPU
		{7DE221A7-A45C-40CA-9ADD-DCF10799D883}.Debug|iPhone.ActiveCfg = Debug|Any CPU
		{7DE221A7-A45C-40CA-9ADD-DCF10799D883}.Debug|iPhone.Build.0 = Debug|Any CPU
		{7DE221A7-A45C-40CA-9ADD-DCF10799D883}.Debug|iPhone.Deploy.0 = Debug|Any CPU
		{7DE221A7-A45C-40CA-9ADD-DCF10799D883}.Debug|iPhoneSimulator.ActiveCfg = Debug|Any CPU
		{7DE221A7-A45C-40CA-9ADD-DCF10799D883}.Debug|iPhoneSimulator.Build.0 = Debug|Any CPU
		{7DE221A7-A45C-40CA-9ADD-DCF10799D883}.Debug|iPhoneSimulator.Deploy.0 = Debug|Any CPU
		{7DE221A7-A45C-40CA-9ADD-DCF10799D883}.Debug|x64.ActiveCfg = Debug|Any CPU
		{7DE221A7-A45C-40CA-9ADD-DCF10799D883}.Debug|x64.Build.0 = Debug|Any CPU
		{7DE221A7-A45C-40CA-9ADD-DCF10799D883}.Debug|x64.Deploy.0 = Debug|Any CPU
		{7DE221A7-A45C-40CA-9ADD-DCF10799D883}.Debug|x86.ActiveCfg = Debug|Any CPU
		{7DE221A7-A45C-40CA-9ADD-DCF10799D883}.Debug|x86.Build.0 = Debug|Any CPU
		{7DE221A7-A45C-40CA-9ADD-DCF10799D883}.Debug|x86.Deploy.0 = Debug|Any CPU
		{7DE221A7-A45C-40CA-9ADD-DCF10799D883}.Release|Any CPU.ActiveCfg = Release|Any CPU
		{7DE221A7-A45C-40CA-9ADD-DCF10799D883}.Release|Any CPU.Build.0 = Release|Any CPU
		{7DE221A7-A45C-40CA-9ADD-DCF10799D883}.Release|Any CPU.Deploy.0 = Release|Any CPU
		{7DE221A7-A45C-40CA-9ADD-DCF10799D883}.Release|ARM.ActiveCfg = Release|Any CPU
		{7DE221A7-A45C-40CA-9ADD-DCF10799D883}.Release|ARM.Build.0 = Release|Any CPU
		{7DE221A7-A45C-40CA-9ADD-DCF10799D883}.Release|ARM.Deploy.0 = Release|Any CPU
		{7DE221A7-A45C-40CA-9ADD-DCF10799D883}.Release|iPhone.ActiveCfg = Release|Any CPU
		{7DE221A7-A45C-40CA-9ADD-DCF10799D883}.Release|iPhone.Build.0 = Release|Any CPU
		{7DE221A7-A45C-40CA-9ADD-DCF10799D883}.Release|iPhone.Deploy.0 = Release|Any CPU
		{7DE221A7-A45C-40CA-9ADD-DCF10799D883}.Release|iPhoneSimulator.ActiveCfg = Release|Any CPU
		{7DE221A7-A45C-40CA-9ADD-DCF10799D883}.Release|iPhoneSimulator.Build.0 = Release|Any CPU
		{7DE221A7-A45C-40CA-9ADD-DCF10799D883}.Release|iPhoneSimulator.Deploy.0 = Release|Any CPU
		{7DE221A7-A45C-40CA-9ADD-DCF10799D883}.Release|x64.ActiveCfg = Release|Any CPU
		{7DE221A7-A45C-40CA-9ADD-DCF10799D883}.Release|x64.Build.0 = Release|Any CPU
		{7DE221A7-A45C-40CA-9ADD-DCF10799D883}.Release|x64.Deploy.0 = Release|Any CPU
		{7DE221A7-A45C-40CA-9ADD-DCF10799D883}.Release|x86.ActiveCfg = Release|Any CPU
		{7DE221A7-A45C-40CA-9ADD-DCF10799D883}.Release|x86.Build.0 = Release|Any CPU
		{7DE221A7-A45C-40CA-9ADD-DCF10799D883}.Release|x86.Deploy.0 = Release|Any CPU
		{D8703454-2DA5-4517-B085-E36F7B2B9491}.Ad-Hoc|Any CPU.ActiveCfg = Ad-Hoc|iPhone
		{D8703454-2DA5-4517-B085-E36F7B2B9491}.Ad-Hoc|Any CPU.Build.0 = Ad-Hoc|iPhone
		{D8703454-2DA5-4517-B085-E36F7B2B9491}.Ad-Hoc|Any CPU.Deploy.0 = Ad-Hoc|iPhone
		{D8703454-2DA5-4517-B085-E36F7B2B9491}.Ad-Hoc|ARM.ActiveCfg = Ad-Hoc|iPhone
		{D8703454-2DA5-4517-B085-E36F7B2B9491}.Ad-Hoc|ARM.Build.0 = Ad-Hoc|iPhone
		{D8703454-2DA5-4517-B085-E36F7B2B9491}.Ad-Hoc|ARM.Deploy.0 = Ad-Hoc|iPhone
		{D8703454-2DA5-4517-B085-E36F7B2B9491}.Ad-Hoc|iPhone.ActiveCfg = Ad-Hoc|iPhone
		{D8703454-2DA5-4517-B085-E36F7B2B9491}.Ad-Hoc|iPhone.Build.0 = Ad-Hoc|iPhone
		{D8703454-2DA5-4517-B085-E36F7B2B9491}.Ad-Hoc|iPhone.Deploy.0 = Ad-Hoc|iPhone
		{D8703454-2DA5-4517-B085-E36F7B2B9491}.Ad-Hoc|iPhoneSimulator.ActiveCfg = Ad-Hoc|iPhoneSimulator
		{D8703454-2DA5-4517-B085-E36F7B2B9491}.Ad-Hoc|iPhoneSimulator.Build.0 = Ad-Hoc|iPhoneSimulator
		{D8703454-2DA5-4517-B085-E36F7B2B9491}.Ad-Hoc|iPhoneSimulator.Deploy.0 = Ad-Hoc|iPhoneSimulator
		{D8703454-2DA5-4517-B085-E36F7B2B9491}.Ad-Hoc|x64.ActiveCfg = Ad-Hoc|iPhone
		{D8703454-2DA5-4517-B085-E36F7B2B9491}.Ad-Hoc|x64.Build.0 = Ad-Hoc|iPhone
		{D8703454-2DA5-4517-B085-E36F7B2B9491}.Ad-Hoc|x64.Deploy.0 = Ad-Hoc|iPhone
		{D8703454-2DA5-4517-B085-E36F7B2B9491}.Ad-Hoc|x86.ActiveCfg = Ad-Hoc|iPhone
		{D8703454-2DA5-4517-B085-E36F7B2B9491}.Ad-Hoc|x86.Build.0 = Ad-Hoc|iPhone
		{D8703454-2DA5-4517-B085-E36F7B2B9491}.Ad-Hoc|x86.Deploy.0 = Ad-Hoc|iPhone
		{D8703454-2DA5-4517-B085-E36F7B2B9491}.AppStore|Any CPU.ActiveCfg = AppStore|iPhone
		{D8703454-2DA5-4517-B085-E36F7B2B9491}.AppStore|Any CPU.Build.0 = AppStore|iPhone
		{D8703454-2DA5-4517-B085-E36F7B2B9491}.AppStore|Any CPU.Deploy.0 = AppStore|iPhone
		{D8703454-2DA5-4517-B085-E36F7B2B9491}.AppStore|ARM.ActiveCfg = AppStore|iPhone
		{D8703454-2DA5-4517-B085-E36F7B2B9491}.AppStore|ARM.Build.0 = AppStore|iPhone
		{D8703454-2DA5-4517-B085-E36F7B2B9491}.AppStore|ARM.Deploy.0 = AppStore|iPhone
		{D8703454-2DA5-4517-B085-E36F7B2B9491}.AppStore|iPhone.ActiveCfg = AppStore|iPhone
		{D8703454-2DA5-4517-B085-E36F7B2B9491}.AppStore|iPhone.Build.0 = AppStore|iPhone
		{D8703454-2DA5-4517-B085-E36F7B2B9491}.AppStore|iPhone.Deploy.0 = AppStore|iPhone
		{D8703454-2DA5-4517-B085-E36F7B2B9491}.AppStore|iPhoneSimulator.ActiveCfg = AppStore|iPhoneSimulator
		{D8703454-2DA5-4517-B085-E36F7B2B9491}.AppStore|iPhoneSimulator.Build.0 = AppStore|iPhoneSimulator
		{D8703454-2DA5-4517-B085-E36F7B2B9491}.AppStore|iPhoneSimulator.Deploy.0 = AppStore|iPhoneSimulator
		{D8703454-2DA5-4517-B085-E36F7B2B9491}.AppStore|x64.ActiveCfg = AppStore|iPhone
		{D8703454-2DA5-4517-B085-E36F7B2B9491}.AppStore|x64.Build.0 = AppStore|iPhone
		{D8703454-2DA5-4517-B085-E36F7B2B9491}.AppStore|x64.Deploy.0 = AppStore|iPhone
		{D8703454-2DA5-4517-B085-E36F7B2B9491}.AppStore|x86.ActiveCfg = AppStore|iPhone
		{D8703454-2DA5-4517-B085-E36F7B2B9491}.AppStore|x86.Build.0 = AppStore|iPhone
		{D8703454-2DA5-4517-B085-E36F7B2B9491}.AppStore|x86.Deploy.0 = AppStore|iPhone
		{D8703454-2DA5-4517-B085-E36F7B2B9491}.Debug|Any CPU.ActiveCfg = Debug|iPhoneSimulator
		{D8703454-2DA5-4517-B085-E36F7B2B9491}.Debug|Any CPU.Build.0 = Debug|iPhoneSimulator
		{D8703454-2DA5-4517-B085-E36F7B2B9491}.Debug|Any CPU.Deploy.0 = Debug|iPhoneSimulator
		{D8703454-2DA5-4517-B085-E36F7B2B9491}.Debug|ARM.ActiveCfg = Debug|iPhone
		{D8703454-2DA5-4517-B085-E36F7B2B9491}.Debug|ARM.Build.0 = Debug|iPhone
		{D8703454-2DA5-4517-B085-E36F7B2B9491}.Debug|ARM.Deploy.0 = Debug|iPhone
		{D8703454-2DA5-4517-B085-E36F7B2B9491}.Debug|iPhone.ActiveCfg = Debug|iPhone
		{D8703454-2DA5-4517-B085-E36F7B2B9491}.Debug|iPhone.Build.0 = Debug|iPhone
		{D8703454-2DA5-4517-B085-E36F7B2B9491}.Debug|iPhone.Deploy.0 = Debug|iPhone
		{D8703454-2DA5-4517-B085-E36F7B2B9491}.Debug|iPhoneSimulator.ActiveCfg = Debug|iPhoneSimulator
		{D8703454-2DA5-4517-B085-E36F7B2B9491}.Debug|iPhoneSimulator.Build.0 = Debug|iPhoneSimulator
		{D8703454-2DA5-4517-B085-E36F7B2B9491}.Debug|iPhoneSimulator.Deploy.0 = Debug|iPhoneSimulator
		{D8703454-2DA5-4517-B085-E36F7B2B9491}.Debug|x64.ActiveCfg = Debug|iPhone
		{D8703454-2DA5-4517-B085-E36F7B2B9491}.Debug|x64.Build.0 = Debug|iPhone
		{D8703454-2DA5-4517-B085-E36F7B2B9491}.Debug|x64.Deploy.0 = Debug|iPhone
		{D8703454-2DA5-4517-B085-E36F7B2B9491}.Debug|x86.ActiveCfg = Debug|iPhone
		{D8703454-2DA5-4517-B085-E36F7B2B9491}.Debug|x86.Build.0 = Debug|iPhone
		{D8703454-2DA5-4517-B085-E36F7B2B9491}.Debug|x86.Deploy.0 = Debug|iPhone
		{D8703454-2DA5-4517-B085-E36F7B2B9491}.Release|Any CPU.ActiveCfg = Release|iPhone
		{D8703454-2DA5-4517-B085-E36F7B2B9491}.Release|Any CPU.Build.0 = Release|iPhone
		{D8703454-2DA5-4517-B085-E36F7B2B9491}.Release|Any CPU.Deploy.0 = Release|iPhone
		{D8703454-2DA5-4517-B085-E36F7B2B9491}.Release|ARM.ActiveCfg = Release|iPhone
		{D8703454-2DA5-4517-B085-E36F7B2B9491}.Release|ARM.Build.0 = Release|iPhone
		{D8703454-2DA5-4517-B085-E36F7B2B9491}.Release|ARM.Deploy.0 = Release|iPhone
		{D8703454-2DA5-4517-B085-E36F7B2B9491}.Release|iPhone.ActiveCfg = Release|iPhone
		{D8703454-2DA5-4517-B085-E36F7B2B9491}.Release|iPhone.Build.0 = Release|iPhone
		{D8703454-2DA5-4517-B085-E36F7B2B9491}.Release|iPhone.Deploy.0 = Release|iPhone
		{D8703454-2DA5-4517-B085-E36F7B2B9491}.Release|iPhoneSimulator.ActiveCfg = Release|iPhoneSimulator
		{D8703454-2DA5-4517-B085-E36F7B2B9491}.Release|iPhoneSimulator.Build.0 = Release|iPhoneSimulator
		{D8703454-2DA5-4517-B085-E36F7B2B9491}.Release|iPhoneSimulator.Deploy.0 = Release|iPhoneSimulator
		{D8703454-2DA5-4517-B085-E36F7B2B9491}.Release|x64.ActiveCfg = Release|iPhone
		{D8703454-2DA5-4517-B085-E36F7B2B9491}.Release|x64.Build.0 = Release|iPhone
		{D8703454-2DA5-4517-B085-E36F7B2B9491}.Release|x64.Deploy.0 = Release|iPhone
		{D8703454-2DA5-4517-B085-E36F7B2B9491}.Release|x86.ActiveCfg = Release|iPhone
		{D8703454-2DA5-4517-B085-E36F7B2B9491}.Release|x86.Build.0 = Release|iPhone
		{D8703454-2DA5-4517-B085-E36F7B2B9491}.Release|x86.Deploy.0 = Release|iPhone
		{5CAE5BA5-110E-45B2-806B-504650DA694E}.Ad-Hoc|Any CPU.ActiveCfg = Release|x86
		{5CAE5BA5-110E-45B2-806B-504650DA694E}.Ad-Hoc|Any CPU.Build.0 = Release|x86
		{5CAE5BA5-110E-45B2-806B-504650DA694E}.Ad-Hoc|Any CPU.Deploy.0 = Release|x86
		{5CAE5BA5-110E-45B2-806B-504650DA694E}.Ad-Hoc|ARM.ActiveCfg = Release|ARM
		{5CAE5BA5-110E-45B2-806B-504650DA694E}.Ad-Hoc|ARM.Build.0 = Release|ARM
		{5CAE5BA5-110E-45B2-806B-504650DA694E}.Ad-Hoc|ARM.Deploy.0 = Release|ARM
		{5CAE5BA5-110E-45B2-806B-504650DA694E}.Ad-Hoc|iPhone.ActiveCfg = Release|x86
		{5CAE5BA5-110E-45B2-806B-504650DA694E}.Ad-Hoc|iPhone.Build.0 = Release|x86
		{5CAE5BA5-110E-45B2-806B-504650DA694E}.Ad-Hoc|iPhone.Deploy.0 = Release|x86
		{5CAE5BA5-110E-45B2-806B-504650DA694E}.Ad-Hoc|iPhoneSimulator.ActiveCfg = Release|x86
		{5CAE5BA5-110E-45B2-806B-504650DA694E}.Ad-Hoc|iPhoneSimulator.Build.0 = Release|x86
		{5CAE5BA5-110E-45B2-806B-504650DA694E}.Ad-Hoc|iPhoneSimulator.Deploy.0 = Release|x86
		{5CAE5BA5-110E-45B2-806B-504650DA694E}.Ad-Hoc|x64.ActiveCfg = Release|x64
		{5CAE5BA5-110E-45B2-806B-504650DA694E}.Ad-Hoc|x64.Build.0 = Release|x64
		{5CAE5BA5-110E-45B2-806B-504650DA694E}.Ad-Hoc|x64.Deploy.0 = Release|x64
		{5CAE5BA5-110E-45B2-806B-504650DA694E}.Ad-Hoc|x86.ActiveCfg = Release|x86
		{5CAE5BA5-110E-45B2-806B-504650DA694E}.Ad-Hoc|x86.Build.0 = Release|x86
		{5CAE5BA5-110E-45B2-806B-504650DA694E}.Ad-Hoc|x86.Deploy.0 = Release|x86
		{5CAE5BA5-110E-45B2-806B-504650DA694E}.AppStore|Any CPU.ActiveCfg = Release|x86
		{5CAE5BA5-110E-45B2-806B-504650DA694E}.AppStore|Any CPU.Build.0 = Release|x86
		{5CAE5BA5-110E-45B2-806B-504650DA694E}.AppStore|Any CPU.Deploy.0 = Release|x86
		{5CAE5BA5-110E-45B2-806B-504650DA694E}.AppStore|ARM.ActiveCfg = Release|ARM
		{5CAE5BA5-110E-45B2-806B-504650DA694E}.AppStore|ARM.Build.0 = Release|ARM
		{5CAE5BA5-110E-45B2-806B-504650DA694E}.AppStore|ARM.Deploy.0 = Release|ARM
		{5CAE5BA5-110E-45B2-806B-504650DA694E}.AppStore|iPhone.ActiveCfg = Release|x86
		{5CAE5BA5-110E-45B2-806B-504650DA694E}.AppStore|iPhone.Build.0 = Release|x86
		{5CAE5BA5-110E-45B2-806B-504650DA694E}.AppStore|iPhone.Deploy.0 = Release|x86
		{5CAE5BA5-110E-45B2-806B-504650DA694E}.AppStore|iPhoneSimulator.ActiveCfg = Release|x86
		{5CAE5BA5-110E-45B2-806B-504650DA694E}.AppStore|iPhoneSimulator.Build.0 = Release|x86
		{5CAE5BA5-110E-45B2-806B-504650DA694E}.AppStore|iPhoneSimulator.Deploy.0 = Release|x86
		{5CAE5BA5-110E-45B2-806B-504650DA694E}.AppStore|x64.ActiveCfg = Release|x64
		{5CAE5BA5-110E-45B2-806B-504650DA694E}.AppStore|x64.Build.0 = Release|x64
		{5CAE5BA5-110E-45B2-806B-504650DA694E}.AppStore|x64.Deploy.0 = Release|x64
		{5CAE5BA5-110E-45B2-806B-504650DA694E}.AppStore|x86.ActiveCfg = Release|x86
		{5CAE5BA5-110E-45B2-806B-504650DA694E}.AppStore|x86.Build.0 = Release|x86
		{5CAE5BA5-110E-45B2-806B-504650DA694E}.AppStore|x86.Deploy.0 = Release|x86
		{5CAE5BA5-110E-45B2-806B-504650DA694E}.Debug|Any CPU.ActiveCfg = Debug|x86
		{5CAE5BA5-110E-45B2-806B-504650DA694E}.Debug|Any CPU.Build.0 = Debug|x86
		{5CAE5BA5-110E-45B2-806B-504650DA694E}.Debug|Any CPU.Deploy.0 = Debug|x86
		{5CAE5BA5-110E-45B2-806B-504650DA694E}.Debug|ARM.ActiveCfg = Debug|ARM
		{5CAE5BA5-110E-45B2-806B-504650DA694E}.Debug|ARM.Build.0 = Debug|ARM
		{5CAE5BA5-110E-45B2-806B-504650DA694E}.Debug|ARM.Deploy.0 = Debug|ARM
		{5CAE5BA5-110E-45B2-806B-504650DA694E}.Debug|iPhone.ActiveCfg = Debug|x86
		{5CAE5BA5-110E-45B2-806B-504650DA694E}.Debug|iPhone.Build.0 = Debug|x86
		{5CAE5BA5-110E-45B2-806B-504650DA694E}.Debug|iPhone.Deploy.0 = Debug|x86
		{5CAE5BA5-110E-45B2-806B-504650DA694E}.Debug|iPhoneSimulator.ActiveCfg = Debug|x86
		{5CAE5BA5-110E-45B2-806B-504650DA694E}.Debug|iPhoneSimulator.Build.0 = Debug|x86
		{5CAE5BA5-110E-45B2-806B-504650DA694E}.Debug|iPhoneSimulator.Deploy.0 = Debug|x86
		{5CAE5BA5-110E-45B2-806B-504650DA694E}.Debug|x64.ActiveCfg = Debug|x64
		{5CAE5BA5-110E-45B2-806B-504650DA694E}.Debug|x64.Build.0 = Debug|x64
		{5CAE5BA5-110E-45B2-806B-504650DA694E}.Debug|x64.Deploy.0 = Debug|x64
		{5CAE5BA5-110E-45B2-806B-504650DA694E}.Debug|x86.ActiveCfg = Debug|x86
		{5CAE5BA5-110E-45B2-806B-504650DA694E}.Debug|x86.Build.0 = Debug|x86
		{5CAE5BA5-110E-45B2-806B-504650DA694E}.Debug|x86.Deploy.0 = Debug|x86
		{5CAE5BA5-110E-45B2-806B-504650DA694E}.Release|Any CPU.ActiveCfg = Release|x86
		{5CAE5BA5-110E-45B2-806B-504650DA694E}.Release|Any CPU.Build.0 = Release|x86
		{5CAE5BA5-110E-45B2-806B-504650DA694E}.Release|Any CPU.Deploy.0 = Release|x86
		{5CAE5BA5-110E-45B2-806B-504650DA694E}.Release|ARM.ActiveCfg = Release|ARM
		{5CAE5BA5-110E-45B2-806B-504650DA694E}.Release|ARM.Build.0 = Release|ARM
		{5CAE5BA5-110E-45B2-806B-504650DA694E}.Release|ARM.Deploy.0 = Release|ARM
		{5CAE5BA5-110E-45B2-806B-504650DA694E}.Release|iPhone.ActiveCfg = Release|x86
		{5CAE5BA5-110E-45B2-806B-504650DA694E}.Release|iPhone.Build.0 = Release|x86
		{5CAE5BA5-110E-45B2-806B-504650DA694E}.Release|iPhone.Deploy.0 = Release|x86
		{5CAE5BA5-110E-45B2-806B-504650DA694E}.Release|iPhoneSimulator.ActiveCfg = Release|x86
		{5CAE5BA5-110E-45B2-806B-504650DA694E}.Release|iPhoneSimulator.Build.0 = Release|x86
		{5CAE5BA5-110E-45B2-806B-504650DA694E}.Release|iPhoneSimulator.Deploy.0 = Release|x86
		{5CAE5BA5-110E-45B2-806B-504650DA694E}.Release|x64.ActiveCfg = Release|x64
		{5CAE5BA5-110E-45B2-806B-504650DA694E}.Release|x64.Build.0 = Release|x64
		{5CAE5BA5-110E-45B2-806B-504650DA694E}.Release|x64.Deploy.0 = Release|x64
		{5CAE5BA5-110E-45B2-806B-504650DA694E}.Release|x86.ActiveCfg = Release|x86
		{5CAE5BA5-110E-45B2-806B-504650DA694E}.Release|x86.Build.0 = Release|x86
		{5CAE5BA5-110E-45B2-806B-504650DA694E}.Release|x86.Deploy.0 = Release|x86
		{951F1D7C-2C60-4DED-8482-C48C9CB3B886}.Ad-Hoc|Any CPU.ActiveCfg = Debug|Any CPU
		{951F1D7C-2C60-4DED-8482-C48C9CB3B886}.Ad-Hoc|Any CPU.Build.0 = Debug|Any CPU
		{951F1D7C-2C60-4DED-8482-C48C9CB3B886}.Ad-Hoc|Any CPU.Deploy.0 = Debug|Any CPU
		{951F1D7C-2C60-4DED-8482-C48C9CB3B886}.Ad-Hoc|ARM.ActiveCfg = Debug|Any CPU
		{951F1D7C-2C60-4DED-8482-C48C9CB3B886}.Ad-Hoc|ARM.Build.0 = Debug|Any CPU
		{951F1D7C-2C60-4DED-8482-C48C9CB3B886}.Ad-Hoc|ARM.Deploy.0 = Debug|Any CPU
		{951F1D7C-2C60-4DED-8482-C48C9CB3B886}.Ad-Hoc|iPhone.ActiveCfg = Debug|Any CPU
		{951F1D7C-2C60-4DED-8482-C48C9CB3B886}.Ad-Hoc|iPhone.Build.0 = Debug|Any CPU
		{951F1D7C-2C60-4DED-8482-C48C9CB3B886}.Ad-Hoc|iPhone.Deploy.0 = Debug|Any CPU
		{951F1D7C-2C60-4DED-8482-C48C9CB3B886}.Ad-Hoc|iPhoneSimulator.ActiveCfg = Debug|Any CPU
		{951F1D7C-2C60-4DED-8482-C48C9CB3B886}.Ad-Hoc|iPhoneSimulator.Build.0 = Debug|Any CPU
		{951F1D7C-2C60-4DED-8482-C48C9CB3B886}.Ad-Hoc|iPhoneSimulator.Deploy.0 = Debug|Any CPU
		{951F1D7C-2C60-4DED-8482-C48C9CB3B886}.Ad-Hoc|x64.ActiveCfg = Debug|Any CPU
		{951F1D7C-2C60-4DED-8482-C48C9CB3B886}.Ad-Hoc|x64.Build.0 = Debug|Any CPU
		{951F1D7C-2C60-4DED-8482-C48C9CB3B886}.Ad-Hoc|x64.Deploy.0 = Debug|Any CPU
		{951F1D7C-2C60-4DED-8482-C48C9CB3B886}.Ad-Hoc|x86.ActiveCfg = Debug|Any CPU
		{951F1D7C-2C60-4DED-8482-C48C9CB3B886}.Ad-Hoc|x86.Build.0 = Debug|Any CPU
		{951F1D7C-2C60-4DED-8482-C48C9CB3B886}.Ad-Hoc|x86.Deploy.0 = Debug|Any CPU
		{951F1D7C-2C60-4DED-8482-C48C9CB3B886}.AppStore|Any CPU.ActiveCfg = Debug|Any CPU
		{951F1D7C-2C60-4DED-8482-C48C9CB3B886}.AppStore|Any CPU.Build.0 = Debug|Any CPU
		{951F1D7C-2C60-4DED-8482-C48C9CB3B886}.AppStore|Any CPU.Deploy.0 = Debug|Any CPU
		{951F1D7C-2C60-4DED-8482-C48C9CB3B886}.AppStore|ARM.ActiveCfg = Debug|Any CPU
		{951F1D7C-2C60-4DED-8482-C48C9CB3B886}.AppStore|ARM.Build.0 = Debug|Any CPU
		{951F1D7C-2C60-4DED-8482-C48C9CB3B886}.AppStore|ARM.Deploy.0 = Debug|Any CPU
		{951F1D7C-2C60-4DED-8482-C48C9CB3B886}.AppStore|iPhone.ActiveCfg = Debug|Any CPU
		{951F1D7C-2C60-4DED-8482-C48C9CB3B886}.AppStore|iPhone.Build.0 = Debug|Any CPU
		{951F1D7C-2C60-4DED-8482-C48C9CB3B886}.AppStore|iPhone.Deploy.0 = Debug|Any CPU
		{951F1D7C-2C60-4DED-8482-C48C9CB3B886}.AppStore|iPhoneSimulator.ActiveCfg = Debug|Any CPU
		{951F1D7C-2C60-4DED-8482-C48C9CB3B886}.AppStore|iPhoneSimulator.Build.0 = Debug|Any CPU
		{951F1D7C-2C60-4DED-8482-C48C9CB3B886}.AppStore|iPhoneSimulator.Deploy.0 = Debug|Any CPU
		{951F1D7C-2C60-4DED-8482-C48C9CB3B886}.AppStore|x64.ActiveCfg = Debug|Any CPU
		{951F1D7C-2C60-4DED-8482-C48C9CB3B886}.AppStore|x64.Build.0 = Debug|Any CPU
		{951F1D7C-2C60-4DED-8482-C48C9CB3B886}.AppStore|x64.Deploy.0 = Debug|Any CPU
		{951F1D7C-2C60-4DED-8482-C48C9CB3B886}.AppStore|x86.ActiveCfg = Debug|Any CPU
		{951F1D7C-2C60-4DED-8482-C48C9CB3B886}.AppStore|x86.Build.0 = Debug|Any CPU
		{951F1D7C-2C60-4DED-8482-C48C9CB3B886}.AppStore|x86.Deploy.0 = Debug|Any CPU
		{951F1D7C-2C60-4DED-8482-C48C9CB3B886}.Debug|Any CPU.ActiveCfg = Debug|Any CPU
		{951F1D7C-2C60-4DED-8482-C48C9CB3B886}.Debug|Any CPU.Build.0 = Debug|Any CPU
		{951F1D7C-2C60-4DED-8482-C48C9CB3B886}.Debug|Any CPU.Deploy.0 = Debug|Any CPU
		{951F1D7C-2C60-4DED-8482-C48C9CB3B886}.Debug|ARM.ActiveCfg = Debug|Any CPU
		{951F1D7C-2C60-4DED-8482-C48C9CB3B886}.Debug|ARM.Build.0 = Debug|Any CPU
		{951F1D7C-2C60-4DED-8482-C48C9CB3B886}.Debug|ARM.Deploy.0 = Debug|Any CPU
		{951F1D7C-2C60-4DED-8482-C48C9CB3B886}.Debug|iPhone.ActiveCfg = Debug|Any CPU
		{951F1D7C-2C60-4DED-8482-C48C9CB3B886}.Debug|iPhone.Build.0 = Debug|Any CPU
		{951F1D7C-2C60-4DED-8482-C48C9CB3B886}.Debug|iPhone.Deploy.0 = Debug|Any CPU
		{951F1D7C-2C60-4DED-8482-C48C9CB3B886}.Debug|iPhoneSimulator.ActiveCfg = Debug|Any CPU
		{951F1D7C-2C60-4DED-8482-C48C9CB3B886}.Debug|iPhoneSimulator.Build.0 = Debug|Any CPU
		{951F1D7C-2C60-4DED-8482-C48C9CB3B886}.Debug|iPhoneSimulator.Deploy.0 = Debug|Any CPU
		{951F1D7C-2C60-4DED-8482-C48C9CB3B886}.Debug|x64.ActiveCfg = Debug|Any CPU
		{951F1D7C-2C60-4DED-8482-C48C9CB3B886}.Debug|x64.Build.0 = Debug|Any CPU
		{951F1D7C-2C60-4DED-8482-C48C9CB3B886}.Debug|x64.Deploy.0 = Debug|Any CPU
		{951F1D7C-2C60-4DED-8482-C48C9CB3B886}.Debug|x86.ActiveCfg = Debug|Any CPU
		{951F1D7C-2C60-4DED-8482-C48C9CB3B886}.Debug|x86.Build.0 = Debug|Any CPU
		{951F1D7C-2C60-4DED-8482-C48C9CB3B886}.Debug|x86.Deploy.0 = Debug|Any CPU
		{951F1D7C-2C60-4DED-8482-C48C9CB3B886}.Release|Any CPU.ActiveCfg = Release|Any CPU
		{951F1D7C-2C60-4DED-8482-C48C9CB3B886}.Release|Any CPU.Build.0 = Release|Any CPU
		{951F1D7C-2C60-4DED-8482-C48C9CB3B886}.Release|Any CPU.Deploy.0 = Release|Any CPU
		{951F1D7C-2C60-4DED-8482-C48C9CB3B886}.Release|ARM.ActiveCfg = Release|Any CPU
		{951F1D7C-2C60-4DED-8482-C48C9CB3B886}.Release|ARM.Build.0 = Release|Any CPU
		{951F1D7C-2C60-4DED-8482-C48C9CB3B886}.Release|ARM.Deploy.0 = Release|Any CPU
		{951F1D7C-2C60-4DED-8482-C48C9CB3B886}.Release|iPhone.ActiveCfg = Release|Any CPU
		{951F1D7C-2C60-4DED-8482-C48C9CB3B886}.Release|iPhone.Build.0 = Release|Any CPU
		{951F1D7C-2C60-4DED-8482-C48C9CB3B886}.Release|iPhone.Deploy.0 = Release|Any CPU
		{951F1D7C-2C60-4DED-8482-C48C9CB3B886}.Release|iPhoneSimulator.ActiveCfg = Release|Any CPU
		{951F1D7C-2C60-4DED-8482-C48C9CB3B886}.Release|iPhoneSimulator.Build.0 = Release|Any CPU
		{951F1D7C-2C60-4DED-8482-C48C9CB3B886}.Release|iPhoneSimulator.Deploy.0 = Release|Any CPU
		{951F1D7C-2C60-4DED-8482-C48C9CB3B886}.Release|x64.ActiveCfg = Release|Any CPU
		{951F1D7C-2C60-4DED-8482-C48C9CB3B886}.Release|x64.Build.0 = Release|Any CPU
		{951F1D7C-2C60-4DED-8482-C48C9CB3B886}.Release|x64.Deploy.0 = Release|Any CPU
		{951F1D7C-2C60-4DED-8482-C48C9CB3B886}.Release|x86.ActiveCfg = Release|Any CPU
		{951F1D7C-2C60-4DED-8482-C48C9CB3B886}.Release|x86.Build.0 = Release|Any CPU
		{951F1D7C-2C60-4DED-8482-C48C9CB3B886}.Release|x86.Deploy.0 = Release|Any CPU
	EndGlobalSection
	GlobalSection(SolutionProperties) = preSolution
		HideSolutionNode = FALSE
	EndGlobalSection
	GlobalSection(ExtensibilityGlobals) = postSolution
		SolutionGuid = {7EE84324-96B9-404E-BBA9-9E5537D948D8}
	EndGlobalSection
EndGlobal
